# This file was autogenerated by uv via the following command:
#    uv pip compile requirements.txt --python-version 3.13 --output-file requirements.lock
aiohappyeyeballs==2.7.1
    # via aiohttp
aiohttp==3.14.3
    # via fsspec
aiosignal==1.4.0
    # via aiohttp
annotated-doc==0.0.5
    # via
    #   fastapi
    #   typer
annotated-types==0.8.0
    # via pydantic
anyio==4.14.2
    # via
    #   gradio
    #   httpx
    #   starlette
attrs==26.1.0
    # via
    #   -r requirements.txt
    #   aiohttp
    #   jsonschema
    #   referencing
audioop-lts==0.2.2
    # via gradio
bleach==6.4.0
    # via
    #   -r requirements.txt
    #   kaggle
brotli==1.2.0
    # via gradio
certifi==2026.7.22
    # via
    #   -r requirements.txt
    #   httpcore
    #   httpx
    #   requests
charset-normalizer==3.5.1
    # via
    #   -r requirements.txt
    #   requests
click==8.5.0
    # via
    #   huggingface-hub
    #   uvicorn
colorama==0.4.6
    # via
    #   tqdm
    #   typer
datasets==5.0.1
    # via -r requirements.txt
dill==0.4.1
    # via
    #   datasets
    #   multiprocess
fastapi==0.141.1
    # via gradio
fastjsonschema==2.22.2
    # via
    #   -r requirements.txt
    #   nbformat
filelock==3.32.4
    # via
    #   datasets
    #   huggingface-hub
    #   torch
frozenlist==1.8.0
    # via
    #   aiohttp
    #   aiosignal
fsspec==2026.6.0
    # via
    #   datasets
    #   gradio-client
    #   huggingface-hub
    #   torch
gradio==6.26.0
    # via -r requirements.txt
gradio-client==2.6.1
    # via
    #   gradio
    #   hf-gradio
groovy==0.1.2
    # via gradio
h11==0.16.0
    # via
    #   httpcore
    #   uvicorn
hf-gradio==0.4.1
    # via gradio
hf-xet==1.6.0
    # via huggingface-hub
httpcore==1.0.9
    # via httpx
httpx==0.28.1
    # via
    #   datasets
    #   gradio
    #   gradio-client
    #   huggingface-hub
    #   safehttpx
huggingface-hub==1.29.0
    # via
    #   datasets
    #   gradio
    #   gradio-client
    #   tokenizers
    #   transformers
idna==3.19
    # via
    #   -r requirements.txt
    #   anyio
    #   httpx
    #   requests
    #   yarl
jinja2==3.1.6
    # via
    #   gradio
    #   torch
joblib==1.5.3
    # via
    #   -r requirements.txt
    #   scikit-learn
jsonschema==4.26.0
    # via
    #   -r requirements.txt
    #   nbformat
jsonschema-specifications==2025.9.1
    # via
    #   -r requirements.txt
    #   jsonschema
jupyter-core==5.9.1
    # via
    #   -r requirements.txt
    #   nbformat
jupytext==1.19.5
    # via
    #   -r requirements.txt
    #   kaggle
kaggle==2.2.4
    # via -r requirements.txt
kagglesdk==0.1.37
    # via
    #   -r requirements.txt
    #   kaggle
markdown-it-py==4.2.0
    # via
    #   -r requirements.txt
    #   jupytext
    #   mdit-py-plugins
    #   rich
markupsafe==3.0.3
    # via
    #   gradio
    #   jinja2
mdit-py-plugins==0.6.1
    # via
    #   -r requirements.txt
    #   jupytext
mdurl==0.1.2
    # via
    #   -r requirements.txt
    #   markdown-it-py
mpmath==1.3.0
    # via sympy
multidict==6.7.1
    # via
    #   aiohttp
    #   yarl
multiprocess==0.70.19
    # via datasets
narwhals==2.25.0
    # via scikit-learn
nbformat==5.11.1
    # via
    #   -r requirements.txt
    #   jupytext
networkx==3.6.1
    # via torch
numpy==2.5.2
    # via
    #   -r requirements.txt
    #   datasets
    #   gradio
    #   pandas
    #   scikit-learn
    #   scipy
    #   torchvision
    #   transformers
orjson==3.12.0
    # via gradio
packaging==26.3
    # via
    #   -r requirements.txt
    #   datasets
    #   gradio
    #   gradio-client
    #   huggingface-hub
    #   jupytext
    #   kaggle
    #   transformers
pandas==3.0.5
    # via
    #   -r requirements.txt
    #   datasets
    #   gradio
pillow==12.3.0
    # via
    #   -r requirements.txt
    #   gradio
    #   torchvision
pip==26.2.1
    # via -r requirements.txt
platformdirs==4.11.4
    # via
    #   -r requirements.txt
    #   jupyter-core
propcache==0.5.2
    # via
    #   aiohttp
    #   yarl
protobuf==7.36.0
    # via
    #   -r requirements.txt
    #   kaggle
    #   kagglesdk
pyarrow==25.0.1
    # via
    #   -r requirements.txt
    #   datasets
pydantic==2.13.4
    # via
    #   fastapi
    #   gradio
pydantic-core==2.46.4
    # via pydantic
pydub==0.25.1
    # via gradio
pygments==2.21.0
    # via rich
python-dateutil==2.9.0.post0
    # via
    #   -r requirements.txt
    #   kaggle
    #   pandas
python-dotenv==1.2.3
    # via
    #   -r requirements.txt
    #   kaggle
python-multipart==0.0.32
    # via gradio
python-slugify==8.0.4
    # via
    #   -r requirements.txt
    #   kaggle
pytz==2026.3.post1
    # via gradio
pyyaml==6.0.3
    # via
    #   -r requirements.txt
    #   datasets
    #   gradio
    #   huggingface-hub
    #   jupytext
    #   transformers
referencing==0.37.0
    # via
    #   -r requirements.txt
    #   jsonschema
    #   jsonschema-specifications
regex==2026.7.19
    # via transformers
requests==2.34.2
    # via
    #   -r requirements.txt
    #   datasets
    #   kaggle
    #   kagglesdk
rich==15.0.0
    # via typer
rpds-py==2026.6.3
    # via
    #   -r requirements.txt
    #   jsonschema
    #   referencing
safehttpx==0.1.7
    # via gradio
safetensors==0.8.0
    # via transformers
scikit-learn==1.9.0
    # via -r requirements.txt
scipy==1.18.1
    # via scikit-learn
semantic-version==2.10.0
    # via gradio
setuptools==84.0.0
    # via torch
shellingham==1.5.4
    # via typer
six==1.17.0
    # via
    #   -r requirements.txt
    #   python-dateutil
starlette==1.6.0
    # via
    #   fastapi
    #   gradio
sympy==1.14.0
    # via torch
tabulate==0.10.0
    # via -r requirements.txt
text-unidecode==1.3
    # via
    #   -r requirements.txt
    #   python-slugify
threadpoolctl==3.6.0
    # via scikit-learn
tokenizers==0.23.1
    # via transformers
tomlkit==0.14.0
    # via gradio
torch==2.13.0
    # via
    #   -r requirements.txt
    #   torchvision
torchvision==0.28.0
    # via -r requirements.txt
tqdm==4.70.0
    # via
    #   -r requirements.txt
    #   datasets
    #   huggingface-hub
    #   kaggle
    #   transformers
traitlets==5.16.1
    # via
    #   -r requirements.txt
    #   jupyter-core
    #   nbformat
transformers==5.16.1
    # via -r requirements.txt
typer==0.27.1
    # via
    #   gradio
    #   hf-gradio
    #   transformers
typing-extensions==4.16.0
    # via
    #   -r requirements.txt
    #   fastapi
    #   gradio
    #   gradio-client
    #   huggingface-hub
    #   pydantic
    #   pydantic-core
    #   torch
    #   typing-inspection
typing-inspection==0.4.4
    # via
    #   fastapi
    #   pydantic
tzdata==2026.3
    # via pandas
urllib3==2.7.0
    # via
    #   -r requirements.txt
    #   kaggle
    #   requests
uvicorn==0.52.4
    # via gradio
webencodings==0.6.1
    # via
    #   -r requirements.txt
    #   bleach
xxhash==4.0.1
    # via datasets
yarl==1.24.5
    # via aiohttp
